
Microsoft Visual Studio Solution File, Format Version 12.00
Project("{FAE04EC0-301F-11D3-BF4B-00C04F79EFBC}") = "Library.Api", "Library.Api\Library.Api.csproj", "{5F970C3F-F230-4466-9C92-1F4AF6C40CAF}"
EndProject
Global
	GlobalSection(SolutionConfigurationPlatforms) = preSolution
		Debug|Any CPU = Debug|Any CPU
		Release|Any CPU = Release|Any CPU
	EndGlobalSection
	GlobalSection(ProjectConfigurationPlatforms) = postSolution
		{5F970C3F-F230-4466-9C92-1F4AF6C40CAF}.Debug|Any CPU.ActiveCfg = Debug|Any CPU
		{5F970C3F-F230-4466-9C92-1F4AF6C40CAF}.Debug|Any CPU.Build.0 = Debug|Any CPU
		{5F970C3F-F230-4466-9C92-1F4AF6C40CAF}.Release|Any CPU.ActiveCfg = Release|Any CPU
		{5F970C3F-F230-4466-9C92-1F4AF6C40CAF}.Release|Any CPU.Build.0 = Release|Any CPU
	EndGlobalSection
EndGlobal
